
Microsoft Visual Studio Solution File, Format Version 12.00
# Visual Studio Version 16
VisualStudioVersion = 16.0.29306.81
MinimumVisualStudioVersion = 10.0.40219.1
Project("{FAE04EC0-301F-11D3-BF4B-00C04F79EFBC}") = "31.10 TabControl", "31.10 TabControl\31.10 TabControl.csproj", "{B4EC00A6-D66B-4A8F-85E0-611CE45C7363}"
EndProject
Global
	GlobalSection(SolutionConfigurationPlatforms) = preSolution
		Debug|Any CPU = Debug|Any CPU
		Release|Any CPU = Release|Any CPU
	EndGlobalSection
	GlobalSection(ProjectConfigurationPlatforms) = postSolution
		{B4EC00A6-D66B-4A8F-85E0-611CE45C7363}.Debug|Any CPU.ActiveCfg = Debug|Any CPU
		{B4EC00A6-D66B-4A8F-85E0-611CE45C7363}.Debug|Any CPU.Build.0 = Debug|Any CPU
		{B4EC00A6-D66B-4A8F-85E0-611CE45C7363}.Release|Any CPU.ActiveCfg = Release|Any CPU
		{B4EC00A6-D66B-4A8F-85E0-611CE45C7363}.Release|Any CPU.Build.0 = Release|Any CPU
	EndGlobalSection
	GlobalSection(SolutionProperties) = preSolution
		HideSolutionNode = FALSE
	EndGlobalSection
	GlobalSection(ExtensibilityGlobals) = postSolution
		SolutionGuid = {23668624-BE5C-4167-9EFD-66CF92AC032B}
	EndGlobalSection
EndGlobal
